
Microsoft Visual Studio Solution File, Format Version 12.00
# Visual Studio 15
VisualStudioVersion = 15.0.28307.572
MinimumVisualStudioVersion = 10.0.40219.1
Project("{8BC9CEB8-8B4A-11D0-8D11-00A0C91BC942}") = "Exp-Engine", "Exp-Engine.vcxproj", "{A069B515-EAF8-4217-9E61-ABCB4F97DAC1}"
EndProject
Global
	GlobalSection(SolutionConfigurationPlatforms) = preSolution
		Debug|x64 = Debug|x64
		Debug|x86 = Debug|x86
		Release|x64 = Release|x64
		Release|x86 = Release|x86
	EndGlobalSection
	GlobalSection(ProjectConfigurationPlatforms) = postSolution
		{A069B515-EAF8-4217-9E61-ABCB4F97DAC1}.Debug|x64.ActiveCfg = Debug|x64
		{A069B515-EAF8-4217-9E61-ABCB4F97DAC1}.Debug|x64.Build.0 = Debug|x64
		{A069B515-EAF8-4217-9E61-ABCB4F97DAC1}.Debug|x86.ActiveCfg = Debug|Win32
		{A069B515-EAF8-4217-9E61-ABCB4F97DAC1}.Debug|x86.Build.0 = Debug|Win32
		{A069B515-EAF8-4217-9E61-ABCB4F97DAC1}.Release|x64.ActiveCfg = Release|x64
		{A069B515-EAF8-4217-9E61-ABCB4F97DAC1}.Release|x64.Build.0 = Release|x64
		{A069B515-EAF8-4217-9E61-ABCB4F97DAC1}.Release|x86.ActiveCfg = Release|Win32
		{A069B515-EAF8-4217-9E61-ABCB4F97DAC1}.Release|x86.Build.0 = Release|Win32
	EndGlobalSection
	GlobalSection(SolutionProperties) = preSolution
		HideSolutionNode = FALSE
	EndGlobalSection
	GlobalSection(ExtensibilityGlobals) = postSolution
		SolutionGuid = {0B96D964-58C6-4112-B7AF-E33BD82E3ACA}
	EndGlobalSection
EndGlobal
