<?xml version="1.0" encoding="utf-8"?>
<Project ToolsVersion="4.0" xmlns="http://schemas.microsoft.com/developer/msbuild/2003">
  <ItemGroup>
    <Filter Include="Resource Files">
      <UniqueIdentifier>{67DA6AB6-F800-4c08-8B7A-83BB121AAD01}</UniqueIdentifier>
      <Extensions>rc;ico;cur;bmp;dlg;rc2;rct;bin;rgs;gif;jpg;jpeg;jpe;resx;tiff;tif;png;wav;mfcribbon-ms</Extensions>
    </Filter>
    <Filter Include="Glad">
      <UniqueIdentifier>{47670abd-a557-4471-9f08-039d621250c2}</UniqueIdentifier>
    </Filter>
    <Filter Include="Glm">
      <UniqueIdentifier>{66714958-1ff2-486b-b11c-5d7c7c6f93c7}</UniqueIdentifier>
    </Filter>
    <Filter Include="Glm\details">
      <UniqueIdentifier>{421bd7fd-4879-4d6b-a3a5-387a85b26a5a}</UniqueIdentifier>
    </Filter>
    <Filter Include="Glm\ext">
      <UniqueIdentifier>{45b22174-88ac-492f-aa40-5759025bde16}</UniqueIdentifier>
    </Filter>
    <Filter Include="Glm\gtc">
      <UniqueIdentifier>{ac6887a5-cfc7-4fcb-b750-5c4c8aedc321}</UniqueIdentifier>
    </Filter>
    <Filter Include="Glm\gtx">
      <UniqueIdentifier>{720924b7-fcb1-49db-a12b-ffead87276c1}</UniqueIdentifier>
    </Filter>
    <Filter Include="Glm\simd">
      <UniqueIdentifier>{643f2c25-eca5-4a45-be60-0c15ad0ea9bd}</UniqueIdentifier>
    </Filter>
    <Filter Include="Imgui">
      <UniqueIdentifier>{e9b42d76-8a4a-483d-a5e4-715a859ce816}</UniqueIdentifier>
    </Filter>
    <Filter Include="StbImage">
      <UniqueIdentifier>{719c83ec-7078-4f89-8940-d515bab2b823}</UniqueIdentifier>
    </Filter>
    <Filter Include="CommandBuffer">
      <UniqueIdentifier>{86758344-d0d4-4c15-9fff-8f4c470d4da5}</UniqueIdentifier>
    </Filter>
    <Filter Include="CommandBuffer\cmds">
      <UniqueIdentifier>{5481859e-f1e3-4988-8070-e0dbf3a607a3}</UniqueIdentifier>
    </Filter>
    <Filter Include="Hash">
      <UniqueIdentifier>{8221c71e-da31-40a0-9a88-025bf7d6500b}</UniqueIdentifier>
    </Filter>
    <Filter Include="Camera">
      <UniqueIdentifier>{4fa900aa-2334-4a97-bdc9-ba37671d2b06}</UniqueIdentifier>
    </Filter>
    <Filter Include="Threading">
      <UniqueIdentifier>{e83345ca-bbc5-473c-b512-9e2ba81257a2}</UniqueIdentifier>
    </Filter>
    <Filter Include="Core">
      <UniqueIdentifier>{06624007-e567-43ba-bb70-c4fcebf28294}</UniqueIdentifier>
    </Filter>
    <Filter Include="Rendering">
      <UniqueIdentifier>{3bb1d0e2-d355-4574-afd9-c6c3a60f9c43}</UniqueIdentifier>
    </Filter>
    <Filter Include="Remotery">
      <UniqueIdentifier>{4c8dd764-f985-443b-8fc4-a7b79226f126}</UniqueIdentifier>
    </Filter>
    <Filter Include="Ftl">
      <UniqueIdentifier>{bb370299-3dc2-4050-941d-38572bbfd212}</UniqueIdentifier>
    </Filter>
  </ItemGroup>
  <ItemGroup>
    <ClCompile Include="Glad\glad.c">
      <Filter>Glad</Filter>
    </ClCompile>
    <ClCompile Include="main.cpp" />
    <ClCompile Include="Imgui\imgui.cpp">
      <Filter>Imgui</Filter>
    </ClCompile>
    <ClCompile Include="Imgui\imgui_demo.cpp">
      <Filter>Imgui</Filter>
    </ClCompile>
    <ClCompile Include="Imgui\imgui_draw.cpp">
      <Filter>Imgui</Filter>
    </ClCompile>
    <ClCompile Include="Imgui\imgui_impl_glfw.cpp">
      <Filter>Imgui</Filter>
    </ClCompile>
    <ClCompile Include="Imgui\imgui_impl_opengl3.cpp">
      <Filter>Imgui</Filter>
    </ClCompile>
    <ClCompile Include="Imgui\imgui_widgets.cpp">
      <Filter>Imgui</Filter>
    </ClCompile>
    <ClCompile Include="StbImage\stb_image.cpp">
      <Filter>StbImage</Filter>
    </ClCompile>
    <ClCompile Include="CommandBuffer\cmds\GLCommands.cpp">
      <Filter>CommandBuffer\cmds</Filter>
    </ClCompile>
    <ClCompile Include="Camera\Camera.cpp">
      <Filter>Camera</Filter>
    </ClCompile>
    <ClCompile Include="Threading\Semaphore.cpp">
      <Filter>Threading</Filter>
    </ClCompile>
    <ClCompile Include="Core\Engine.cpp">
      <Filter>Core</Filter>
    </ClCompile>
    <ClCompile Include="Rendering\RenderThread.cpp">
      <Filter>Rendering</Filter>
    </ClCompile>
    <ClCompile Include="Remotery\Remotery.c">
      <Filter>Remotery</Filter>
    </ClCompile>
    <ClCompile Include="Ftl\atomic_counter.cpp">
      <Filter>Ftl</Filter>
    </ClCompile>
    <ClCompile Include="Ftl\task_scheduler.cpp">
      <Filter>Ftl</Filter>
    </ClCompile>
  </ItemGroup>
  <ItemGroup>
    <ClInclude Include="Glm\common.hpp">
      <Filter>Glm</Filter>
    </ClInclude>
    <ClInclude Include="Glm\exponential.hpp">
      <Filter>Glm</Filter>
    </ClInclude>
    <ClInclude Include="Glm\ext.hpp">
      <Filter>Glm</Filter>
    </ClInclude>
    <ClInclude Include="Glm\fwd.hpp">
      <Filter>Glm</Filter>
    </ClInclude>
    <ClInclude Include="Glm\geometric.hpp">
      <Filter>Glm</Filter>
    </ClInclude>
    <ClInclude Include="Glm\glm.hpp">
      <Filter>Glm</Filter>
    </ClInclude>
    <ClInclude Include="Glm\integer.hpp">
      <Filter>Glm</Filter>
    </ClInclude>
    <ClInclude Include="Glm\mat2x2.hpp">
      <Filter>Glm</Filter>
    </ClInclude>
    <ClInclude Include="Glm\mat2x3.hpp">
      <Filter>Glm</Filter>
    </ClInclude>
    <ClInclude Include="Glm\mat2x4.hpp">
      <Filter>Glm</Filter>
    </ClInclude>
    <ClInclude Include="Glm\mat3x2.hpp">
      <Filter>Glm</Filter>
    </ClInclude>
    <ClInclude Include="Glm\mat3x3.hpp">
      <Filter>Glm</Filter>
    </ClInclude>
    <ClInclude Include="Glm\mat3x4.hpp">
      <Filter>Glm</Filter>
    </ClInclude>
    <ClInclude Include="Glm\mat4x2.hpp">
      <Filter>Glm</Filter>
    </ClInclude>
    <ClInclude Include="Glm\mat4x3.hpp">
      <Filter>Glm</Filter>
    </ClInclude>
    <ClInclude Include="Glm\mat4x4.hpp">
      <Filter>Glm</Filter>
    </ClInclude>
    <ClInclude Include="Glm\matrix.hpp">
      <Filter>Glm</Filter>
    </ClInclude>
    <ClInclude Include="Glm\packing.hpp">
      <Filter>Glm</Filter>
    </ClInclude>
    <ClInclude Include="Glm\trigonometric.hpp">
      <Filter>Glm</Filter>
    </ClInclude>
    <ClInclude Include="Glm\vec2.hpp">
      <Filter>Glm</Filter>
    </ClInclude>
    <ClInclude Include="Glm\vec3.hpp">
      <Filter>Glm</Filter>
    </ClInclude>
    <ClInclude Include="Glm\vec4.hpp">
      <Filter>Glm</Filter>
    </ClInclude>
    <ClInclude Include="Glm\vector_relational.hpp">
      <Filter>Glm</Filter>
    </ClInclude>
    <ClInclude Include="Glm\detail\_features.hpp">
      <Filter>Glm\details</Filter>
    </ClInclude>
    <ClInclude Include="Glm\detail\_fixes.hpp">
      <Filter>Glm\details</Filter>
    </ClInclude>
    <ClInclude Include="Glm\detail\_noise.hpp">
      <Filter>Glm\details</Filter>
    </ClInclude>
    <ClInclude Include="Glm\detail\_swizzle.hpp">
      <Filter>Glm\details</Filter>
    </ClInclude>
    <ClInclude Include="Glm\detail\_swizzle_func.hpp">
      <Filter>Glm\details</Filter>
    </ClInclude>
    <ClInclude Include="Glm\detail\_vectorize.hpp">
      <Filter>Glm\details</Filter>
    </ClInclude>
    <ClInclude Include="Glm\detail\compute_common.hpp">
      <Filter>Glm\details</Filter>
    </ClInclude>
    <ClInclude Include="Glm\detail\compute_vector_relational.hpp">
      <Filter>Glm\details</Filter>
    </ClInclude>
    <ClInclude Include="Glm\detail\qualifier.hpp">
      <Filter>Glm\details</Filter>
    </ClInclude>
    <ClInclude Include="Glm\detail\setup.hpp">
      <Filter>Glm\details</Filter>
    </ClInclude>
    <ClInclude Include="Glm\detail\type_float.hpp">
      <Filter>Glm\details</Filter>
    </ClInclude>
    <ClInclude Include="Glm\detail\type_half.hpp">
      <Filter>Glm\details</Filter>
    </ClInclude>
    <ClInclude Include="Glm\detail\type_mat2x2.hpp">
      <Filter>Glm\details</Filter>
    </ClInclude>
    <ClInclude Include="Glm\detail\type_mat2x3.hpp">
      <Filter>Glm\details</Filter>
    </ClInclude>
    <ClInclude Include="Glm\detail\type_mat2x4.hpp">
      <Filter>Glm\details</Filter>
    </ClInclude>
    <ClInclude Include="Glm\detail\type_mat3x2.hpp">
      <Filter>Glm\details</Filter>
    </ClInclude>
    <ClInclude Include="Glm\detail\type_mat3x3.hpp">
      <Filter>Glm\details</Filter>
    </ClInclude>
    <ClInclude Include="Glm\detail\type_mat3x4.hpp">
      <Filter>Glm\details</Filter>
    </ClInclude>
    <ClInclude Include="Glm\detail\type_mat4x2.hpp">
      <Filter>Glm\details</Filter>
    </ClInclude>
    <ClInclude Include="Glm\detail\type_mat4x3.hpp">
      <Filter>Glm\details</Filter>
    </ClInclude>
    <ClInclude Include="Glm\detail\type_mat4x4.hpp">
      <Filter>Glm\details</Filter>
    </ClInclude>
    <ClInclude Include="Glm\detail\type_quat.hpp">
      <Filter>Glm\details</Filter>
    </ClInclude>
    <ClInclude Include="Glm\detail\type_vec1.hpp">
      <Filter>Glm\details</Filter>
    </ClInclude>
    <ClInclude Include="Glm\detail\type_vec2.hpp">
      <Filter>Glm\details</Filter>
    </ClInclude>
    <ClInclude Include="Glm\detail\type_vec3.hpp">
      <Filter>Glm\details</Filter>
    </ClInclude>
    <ClInclude Include="Glm\detail\type_vec4.hpp">
      <Filter>Glm\details</Filter>
    </ClInclude>
    <ClInclude Include="Glm\ext\matrix_clip_space.hpp">
      <Filter>Glm\ext</Filter>
    </ClInclude>
    <ClInclude Include="Glm\ext\matrix_double2x2.hpp">
      <Filter>Glm\ext</Filter>
    </ClInclude>
    <ClInclude Include="Glm\ext\matrix_double2x2_precision.hpp">
      <Filter>Glm\ext</Filter>
    </ClInclude>
    <ClInclude Include="Glm\ext\matrix_double2x3.hpp">
      <Filter>Glm\ext</Filter>
    </ClInclude>
    <ClInclude Include="Glm\ext\matrix_double2x3_precision.hpp">
      <Filter>Glm\ext</Filter>
    </ClInclude>
    <ClInclude Include="Glm\ext\matrix_double2x4.hpp">
      <Filter>Glm\ext</Filter>
    </ClInclude>
    <ClInclude Include="Glm\ext\matrix_double2x4_precision.hpp">
      <Filter>Glm\ext</Filter>
    </ClInclude>
    <ClInclude Include="Glm\ext\matrix_double3x2.hpp">
      <Filter>Glm\ext</Filter>
    </ClInclude>
    <ClInclude Include="Glm\ext\matrix_double3x2_precision.hpp">
      <Filter>Glm\ext</Filter>
    </ClInclude>
    <ClInclude Include="Glm\ext\matrix_double3x3.hpp">
      <Filter>Glm\ext</Filter>
    </ClInclude>
    <ClInclude Include="Glm\ext\matrix_double3x3_precision.hpp">
      <Filter>Glm\ext</Filter>
    </ClInclude>
    <ClInclude Include="Glm\ext\matrix_double3x4.hpp">
      <Filter>Glm\ext</Filter>
    </ClInclude>
    <ClInclude Include="Glm\ext\matrix_double3x4_precision.hpp">
      <Filter>Glm\ext</Filter>
    </ClInclude>
    <ClInclude Include="Glm\ext\matrix_double4x2.hpp">
      <Filter>Glm\ext</Filter>
    </ClInclude>
    <ClInclude Include="Glm\ext\matrix_double4x2_precision.hpp">
      <Filter>Glm\ext</Filter>
    </ClInclude>
    <ClInclude Include="Glm\ext\matrix_double4x3.hpp">
      <Filter>Glm\ext</Filter>
    </ClInclude>
    <ClInclude Include="Glm\ext\matrix_double4x3_precision.hpp">
      <Filter>Glm\ext</Filter>
    </ClInclude>
    <ClInclude Include="Glm\ext\matrix_double4x4.hpp">
      <Filter>Glm\ext</Filter>
    </ClInclude>
    <ClInclude Include="Glm\ext\matrix_double4x4_precision.hpp">
      <Filter>Glm\ext</Filter>
    </ClInclude>
    <ClInclude Include="Glm\ext\matrix_float2x2.hpp">
      <Filter>Glm\ext</Filter>
    </ClInclude>
    <ClInclude Include="Glm\ext\matrix_float2x2_precision.hpp">
      <Filter>Glm\ext</Filter>
    </ClInclude>
    <ClInclude Include="Glm\ext\matrix_float2x3.hpp">
      <Filter>Glm\ext</Filter>
    </ClInclude>
    <ClInclude Include="Glm\ext\matrix_float2x3_precision.hpp">
      <Filter>Glm\ext</Filter>
    </ClInclude>
    <ClInclude Include="Glm\ext\matrix_float2x4.hpp">
      <Filter>Glm\ext</Filter>
    </ClInclude>
    <ClInclude Include="Glm\ext\matrix_float2x4_precision.hpp">
      <Filter>Glm\ext</Filter>
    </ClInclude>
    <ClInclude Include="Glm\ext\matrix_float3x2.hpp">
      <Filter>Glm\ext</Filter>
    </ClInclude>
    <ClInclude Include="Glm\ext\matrix_float3x2_precision.hpp">
      <Filter>Glm\ext</Filter>
    </ClInclude>
    <ClInclude Include="Glm\ext\matrix_float3x3.hpp">
      <Filter>Glm\ext</Filter>
    </ClInclude>
    <ClInclude Include="Glm\ext\matrix_float3x3_precision.hpp">
      <Filter>Glm\ext</Filter>
    </ClInclude>
    <ClInclude Include="Glm\ext\matrix_float3x4.hpp">
      <Filter>Glm\ext</Filter>
    </ClInclude>
    <ClInclude Include="Glm\ext\matrix_float3x4_precision.hpp">
      <Filter>Glm\ext</Filter>
    </ClInclude>
    <ClInclude Include="Glm\ext\matrix_float4x2.hpp">
      <Filter>Glm\ext</Filter>
    </ClInclude>
    <ClInclude Include="Glm\ext\matrix_float4x2_precision.hpp">
      <Filter>Glm\ext</Filter>
    </ClInclude>
    <ClInclude Include="Glm\ext\matrix_float4x3.hpp">
      <Filter>Glm\ext</Filter>
    </ClInclude>
    <ClInclude Include="Glm\ext\matrix_float4x3_precision.hpp">
      <Filter>Glm\ext</Filter>
    </ClInclude>
    <ClInclude Include="Glm\ext\matrix_float4x4.hpp">
      <Filter>Glm\ext</Filter>
    </ClInclude>
    <ClInclude Include="Glm\ext\matrix_float4x4_precision.hpp">
      <Filter>Glm\ext</Filter>
    </ClInclude>
    <ClInclude Include="Glm\ext\matrix_projection.hpp">
      <Filter>Glm\ext</Filter>
    </ClInclude>
    <ClInclude Include="Glm\ext\matrix_relational.hpp">
      <Filter>Glm\ext</Filter>
    </ClInclude>
    <ClInclude Include="Glm\ext\matrix_transform.hpp">
      <Filter>Glm\ext</Filter>
    </ClInclude>
    <ClInclude Include="Glm\ext\quaternion_common.hpp">
      <Filter>Glm\ext</Filter>
    </ClInclude>
    <ClInclude Include="Glm\ext\quaternion_double.hpp">
      <Filter>Glm\ext</Filter>
    </ClInclude>
    <ClInclude Include="Glm\ext\quaternion_double_precision.hpp">
      <Filter>Glm\ext</Filter>
    </ClInclude>
    <ClInclude Include="Glm\ext\quaternion_exponential.hpp">
      <Filter>Glm\ext</Filter>
    </ClInclude>
    <ClInclude Include="Glm\ext\quaternion_float.hpp">
      <Filter>Glm\ext</Filter>
    </ClInclude>
    <ClInclude Include="Glm\ext\quaternion_float_precision.hpp">
      <Filter>Glm\ext</Filter>
    </ClInclude>
    <ClInclude Include="Glm\ext\quaternion_geometric.hpp">
      <Filter>Glm\ext</Filter>
    </ClInclude>
    <ClInclude Include="Glm\ext\quaternion_relational.hpp">
      <Filter>Glm\ext</Filter>
    </ClInclude>
    <ClInclude Include="Glm\ext\quaternion_transform.hpp">
      <Filter>Glm\ext</Filter>
    </ClInclude>
    <ClInclude Include="Glm\ext\quaternion_trigonometric.hpp">
      <Filter>Glm\ext</Filter>
    </ClInclude>
    <ClInclude Include="Glm\ext\scalar_common.hpp">
      <Filter>Glm\ext</Filter>
    </ClInclude>
    <ClInclude Include="Glm\ext\scalar_constants.hpp">
      <Filter>Glm\ext</Filter>
    </ClInclude>
    <ClInclude Include="Glm\ext\scalar_int_sized.hpp">
      <Filter>Glm\ext</Filter>
    </ClInclude>
    <ClInclude Include="Glm\ext\scalar_relational.hpp">
      <Filter>Glm\ext</Filter>
    </ClInclude>
    <ClInclude Include="Glm\ext\scalar_uint_sized.hpp">
      <Filter>Glm\ext</Filter>
    </ClInclude>
    <ClInclude Include="Glm\ext\scalar_ulp.hpp">
      <Filter>Glm\ext</Filter>
    </ClInclude>
    <ClInclude Include="Glm\ext\vector_bool1.hpp">
      <Filter>Glm\ext</Filter>
    </ClInclude>
    <ClInclude Include="Glm\ext\vector_bool1_precision.hpp">
      <Filter>Glm\ext</Filter>
    </ClInclude>
    <ClInclude Include="Glm\ext\vector_bool2.hpp">
      <Filter>Glm\ext</Filter>
    </ClInclude>
    <ClInclude Include="Glm\ext\vector_bool2_precision.hpp">
      <Filter>Glm\ext</Filter>
    </ClInclude>
    <ClInclude Include="Glm\ext\vector_bool3.hpp">
      <Filter>Glm\ext</Filter>
    </ClInclude>
    <ClInclude Include="Glm\ext\vector_bool3_precision.hpp">
      <Filter>Glm\ext</Filter>
    </ClInclude>
    <ClInclude Include="Glm\ext\vector_bool4.hpp">
      <Filter>Glm\ext</Filter>
    </ClInclude>
    <ClInclude Include="Glm\ext\vector_bool4_precision.hpp">
      <Filter>Glm\ext</Filter>
    </ClInclude>
    <ClInclude Include="Glm\ext\vector_common.hpp">
      <Filter>Glm\ext</Filter>
    </ClInclude>
    <ClInclude Include="Glm\ext\vector_double1.hpp">
      <Filter>Glm\ext</Filter>
    </ClInclude>
    <ClInclude Include="Glm\ext\vector_double1_precision.hpp">
      <Filter>Glm\ext</Filter>
    </ClInclude>
    <ClInclude Include="Glm\ext\vector_double2.hpp">
      <Filter>Glm\ext</Filter>
    </ClInclude>
    <ClInclude Include="Glm\ext\vector_double2_precision.hpp">
      <Filter>Glm\ext</Filter>
    </ClInclude>
    <ClInclude Include="Glm\ext\vector_double3.hpp">
      <Filter>Glm\ext</Filter>
    </ClInclude>
    <ClInclude Include="Glm\ext\vector_double3_precision.hpp">
      <Filter>Glm\ext</Filter>
    </ClInclude>
    <ClInclude Include="Glm\ext\vector_double4.hpp">
      <Filter>Glm\ext</Filter>
    </ClInclude>
    <ClInclude Include="Glm\ext\vector_double4_precision.hpp">
      <Filter>Glm\ext</Filter>
    </ClInclude>
    <ClInclude Include="Glm\ext\vector_float1.hpp">
      <Filter>Glm\ext</Filter>
    </ClInclude>
    <ClInclude Include="Glm\ext\vector_float1_precision.hpp">
      <Filter>Glm\ext</Filter>
    </ClInclude>
    <ClInclude Include="Glm\ext\vector_float2.hpp">
      <Filter>Glm\ext</Filter>
    </ClInclude>
    <ClInclude Include="Glm\ext\vector_float2_precision.hpp">
      <Filter>Glm\ext</Filter>
    </ClInclude>
    <ClInclude Include="Glm\ext\vector_float3.hpp">
      <Filter>Glm\ext</Filter>
    </ClInclude>
    <ClInclude Include="Glm\ext\vector_float3_precision.hpp">
      <Filter>Glm\ext</Filter>
    </ClInclude>
    <ClInclude Include="Glm\ext\vector_float4.hpp">
      <Filter>Glm\ext</Filter>
    </ClInclude>
    <ClInclude Include="Glm\ext\vector_float4_precision.hpp">
      <Filter>Glm\ext</Filter>
    </ClInclude>
    <ClInclude Include="Glm\ext\vector_int1.hpp">
      <Filter>Glm\ext</Filter>
    </ClInclude>
    <ClInclude Include="Glm\ext\vector_int1_precision.hpp">
      <Filter>Glm\ext</Filter>
    </ClInclude>
    <ClInclude Include="Glm\ext\vector_int2.hpp">
      <Filter>Glm\ext</Filter>
    </ClInclude>
    <ClInclude Include="Glm\ext\vector_int2_precision.hpp">
      <Filter>Glm\ext</Filter>
    </ClInclude>
    <ClInclude Include="Glm\ext\vector_int3.hpp">
      <Filter>Glm\ext</Filter>
    </ClInclude>
    <ClInclude Include="Glm\ext\vector_int3_precision.hpp">
      <Filter>Glm\ext</Filter>
    </ClInclude>
    <ClInclude Include="Glm\ext\vector_int4.hpp">
      <Filter>Glm\ext</Filter>
    </ClInclude>
    <ClInclude Include="Glm\ext\vector_int4_precision.hpp">
      <Filter>Glm\ext</Filter>
    </ClInclude>
    <ClInclude Include="Glm\ext\vector_relational.hpp">
      <Filter>Glm\ext</Filter>
    </ClInclude>
    <ClInclude Include="Glm\ext\vector_uint1.hpp">
      <Filter>Glm\ext</Filter>
    </ClInclude>
    <ClInclude Include="Glm\ext\vector_uint1_precision.hpp">
      <Filter>Glm\ext</Filter>
    </ClInclude>
    <ClInclude Include="Glm\ext\vector_uint2.hpp">
      <Filter>Glm\ext</Filter>
    </ClInclude>
    <ClInclude Include="Glm\ext\vector_uint2_precision.hpp">
      <Filter>Glm\ext</Filter>
    </ClInclude>
    <ClInclude Include="Glm\ext\vector_uint3.hpp">
      <Filter>Glm\ext</Filter>
    </ClInclude>
    <ClInclude Include="Glm\ext\vector_uint3_precision.hpp">
      <Filter>Glm\ext</Filter>
    </ClInclude>
    <ClInclude Include="Glm\ext\vector_uint4.hpp">
      <Filter>Glm\ext</Filter>
    </ClInclude>
    <ClInclude Include="Glm\ext\vector_uint4_precision.hpp">
      <Filter>Glm\ext</Filter>
    </ClInclude>
    <ClInclude Include="Glm\ext\vector_ulp.hpp">
      <Filter>Glm\ext</Filter>
    </ClInclude>
    <ClInclude Include="Glm\gtc\bitfield.hpp">
      <Filter>Glm\gtc</Filter>
    </ClInclude>
    <ClInclude Include="Glm\gtc\color_space.hpp">
      <Filter>Glm\gtc</Filter>
    </ClInclude>
    <ClInclude Include="Glm\gtc\constants.hpp">
      <Filter>Glm\gtc</Filter>
    </ClInclude>
    <ClInclude Include="Glm\gtc\epsilon.hpp">
      <Filter>Glm\gtc</Filter>
    </ClInclude>
    <ClInclude Include="Glm\gtc\integer.hpp">
      <Filter>Glm\gtc</Filter>
    </ClInclude>
    <ClInclude Include="Glm\gtc\matrix_access.hpp">
      <Filter>Glm\gtc</Filter>
    </ClInclude>
    <ClInclude Include="Glm\gtc\matrix_integer.hpp">
      <Filter>Glm\gtc</Filter>
    </ClInclude>
    <ClInclude Include="Glm\gtc\matrix_inverse.hpp">
      <Filter>Glm\gtc</Filter>
    </ClInclude>
    <ClInclude Include="Glm\gtc\matrix_transform.hpp">
      <Filter>Glm\gtc</Filter>
    </ClInclude>
    <ClInclude Include="Glm\gtc\noise.hpp">
      <Filter>Glm\gtc</Filter>
    </ClInclude>
    <ClInclude Include="Glm\gtc\packing.hpp">
      <Filter>Glm\gtc</Filter>
    </ClInclude>
    <ClInclude Include="Glm\gtc\quaternion.hpp">
      <Filter>Glm\gtc</Filter>
    </ClInclude>
    <ClInclude Include="Glm\gtc\random.hpp">
      <Filter>Glm\gtc</Filter>
    </ClInclude>
    <ClInclude Include="Glm\gtc\reciprocal.hpp">
      <Filter>Glm\gtc</Filter>
    </ClInclude>
    <ClInclude Include="Glm\gtc\round.hpp">
      <Filter>Glm\gtc</Filter>
    </ClInclude>
    <ClInclude Include="Glm\gtc\type_aligned.hpp">
      <Filter>Glm\gtc</Filter>
    </ClInclude>
    <ClInclude Include="Glm\gtc\type_precision.hpp">
      <Filter>Glm\gtc</Filter>
    </ClInclude>
    <ClInclude Include="Glm\gtc\type_ptr.hpp">
      <Filter>Glm\gtc</Filter>
    </ClInclude>
    <ClInclude Include="Glm\gtc\ulp.hpp">
      <Filter>Glm\gtc</Filter>
    </ClInclude>
    <ClInclude Include="Glm\gtc\vec1.hpp">
      <Filter>Glm\gtc</Filter>
    </ClInclude>
    <ClInclude Include="Glm\gtx\associated_min_max.hpp">
      <Filter>Glm\gtx</Filter>
    </ClInclude>
    <ClInclude Include="Glm\gtx\bit.hpp">
      <Filter>Glm\gtx</Filter>
    </ClInclude>
    <ClInclude Include="Glm\gtx\closest_point.hpp">
      <Filter>Glm\gtx</Filter>
    </ClInclude>
    <ClInclude Include="Glm\gtx\color_encoding.hpp">
      <Filter>Glm\gtx</Filter>
    </ClInclude>
    <ClInclude Include="Glm\gtx\color_space.hpp">
      <Filter>Glm\gtx</Filter>
    </ClInclude>
    <ClInclude Include="Glm\gtx\color_space_YCoCg.hpp">
      <Filter>Glm\gtx</Filter>
    </ClInclude>
    <ClInclude Include="Glm\gtx\common.hpp">
      <Filter>Glm\gtx</Filter>
    </ClInclude>
    <ClInclude Include="Glm\gtx\compatibility.hpp">
      <Filter>Glm\gtx</Filter>
    </ClInclude>
    <ClInclude Include="Glm\gtx\component_wise.hpp">
      <Filter>Glm\gtx</Filter>
    </ClInclude>
    <ClInclude Include="Glm\gtx\dual_quaternion.hpp">
      <Filter>Glm\gtx</Filter>
    </ClInclude>
    <ClInclude Include="Glm\gtx\easing.hpp">
      <Filter>Glm\gtx</Filter>
    </ClInclude>
    <ClInclude Include="Glm\gtx\euler_angles.hpp">
      <Filter>Glm\gtx</Filter>
    </ClInclude>
    <ClInclude Include="Glm\gtx\extend.hpp">
      <Filter>Glm\gtx</Filter>
    </ClInclude>
    <ClInclude Include="Glm\gtx\extended_min_max.hpp">
      <Filter>Glm\gtx</Filter>
    </ClInclude>
    <ClInclude Include="Glm\gtx\exterior_product.hpp">
      <Filter>Glm\gtx</Filter>
    </ClInclude>
    <ClInclude Include="Glm\gtx\fast_exponential.hpp">
      <Filter>Glm\gtx</Filter>
    </ClInclude>
    <ClInclude Include="Glm\gtx\fast_square_root.hpp">
      <Filter>Glm\gtx</Filter>
    </ClInclude>
    <ClInclude Include="Glm\gtx\fast_trigonometry.hpp">
      <Filter>Glm\gtx</Filter>
    </ClInclude>
    <ClInclude Include="Glm\gtx\functions.hpp">
      <Filter>Glm\gtx</Filter>
    </ClInclude>
    <ClInclude Include="Glm\gtx\gradient_paint.hpp">
      <Filter>Glm\gtx</Filter>
    </ClInclude>
    <ClInclude Include="Glm\gtx\handed_coordinate_space.hpp">
      <Filter>Glm\gtx</Filter>
    </ClInclude>
    <ClInclude Include="Glm\gtx\hash.hpp">
      <Filter>Glm\gtx</Filter>
    </ClInclude>
    <ClInclude Include="Glm\gtx\integer.hpp">
      <Filter>Glm\gtx</Filter>
    </ClInclude>
    <ClInclude Include="Glm\gtx\intersect.hpp">
      <Filter>Glm\gtx</Filter>
    </ClInclude>
    <ClInclude Include="Glm\gtx\io.hpp">
      <Filter>Glm\gtx</Filter>
    </ClInclude>
    <ClInclude Include="Glm\gtx\log_base.hpp">
      <Filter>Glm\gtx</Filter>
    </ClInclude>
    <ClInclude Include="Glm\gtx\matrix_cross_product.hpp">
      <Filter>Glm\gtx</Filter>
    </ClInclude>
    <ClInclude Include="Glm\gtx\matrix_decompose.hpp">
      <Filter>Glm\gtx</Filter>
    </ClInclude>
    <ClInclude Include="Glm\gtx\matrix_factorisation.hpp">
      <Filter>Glm\gtx</Filter>
    </ClInclude>
    <ClInclude Include="Glm\gtx\matrix_interpolation.hpp">
      <Filter>Glm\gtx</Filter>
    </ClInclude>
    <ClInclude Include="Glm\gtx\matrix_major_storage.hpp">
      <Filter>Glm\gtx</Filter>
    </ClInclude>
    <ClInclude Include="Glm\gtx\matrix_operation.hpp">
      <Filter>Glm\gtx</Filter>
    </ClInclude>
    <ClInclude Include="Glm\gtx\matrix_query.hpp">
      <Filter>Glm\gtx</Filter>
    </ClInclude>
    <ClInclude Include="Glm\gtx\matrix_transform_2d.hpp">
      <Filter>Glm\gtx</Filter>
    </ClInclude>
    <ClInclude Include="Glm\gtx\mixed_product.hpp">
      <Filter>Glm\gtx</Filter>
    </ClInclude>
    <ClInclude Include="Glm\gtx\norm.hpp">
      <Filter>Glm\gtx</Filter>
    </ClInclude>
    <ClInclude Include="Glm\gtx\normal.hpp">
      <Filter>Glm\gtx</Filter>
    </ClInclude>
    <ClInclude Include="Glm\gtx\normalize_dot.hpp">
      <Filter>Glm\gtx</Filter>
    </ClInclude>
    <ClInclude Include="Glm\gtx\number_precision.hpp">
      <Filter>Glm\gtx</Filter>
    </ClInclude>
    <ClInclude Include="Glm\gtx\optimum_pow.hpp">
      <Filter>Glm\gtx</Filter>
    </ClInclude>
    <ClInclude Include="Glm\gtx\orthonormalize.hpp">
      <Filter>Glm\gtx</Filter>
    </ClInclude>
    <ClInclude Include="Glm\gtx\perpendicular.hpp">
      <Filter>Glm\gtx</Filter>
    </ClInclude>
    <ClInclude Include="Glm\gtx\polar_coordinates.hpp">
      <Filter>Glm\gtx</Filter>
    </ClInclude>
    <ClInclude Include="Glm\gtx\projection.hpp">
      <Filter>Glm\gtx</Filter>
    </ClInclude>
    <ClInclude Include="Glm\gtx\quaternion.hpp">
      <Filter>Glm\gtx</Filter>
    </ClInclude>
    <ClInclude Include="Glm\gtx\range.hpp">
      <Filter>Glm\gtx</Filter>
    </ClInclude>
    <ClInclude Include="Glm\gtx\raw_data.hpp">
      <Filter>Glm\gtx</Filter>
    </ClInclude>
    <ClInclude Include="Glm\gtx\rotate_normalized_axis.hpp">
      <Filter>Glm\gtx</Filter>
    </ClInclude>
    <ClInclude Include="Glm\gtx\rotate_vector.hpp">
      <Filter>Glm\gtx</Filter>
    </ClInclude>
    <ClInclude Include="Glm\gtx\scalar_multiplication.hpp">
      <Filter>Glm\gtx</Filter>
    </ClInclude>
    <ClInclude Include="Glm\gtx\scalar_relational.hpp">
      <Filter>Glm\gtx</Filter>
    </ClInclude>
    <ClInclude Include="Glm\gtx\spline.hpp">
      <Filter>Glm\gtx</Filter>
    </ClInclude>
    <ClInclude Include="Glm\gtx\std_based_type.hpp">
      <Filter>Glm\gtx</Filter>
    </ClInclude>
    <ClInclude Include="Glm\gtx\string_cast.hpp">
      <Filter>Glm\gtx</Filter>
    </ClInclude>
    <ClInclude Include="Glm\gtx\texture.hpp">
      <Filter>Glm\gtx</Filter>
    </ClInclude>
    <ClInclude Include="Glm\gtx\transform.hpp">
      <Filter>Glm\gtx</Filter>
    </ClInclude>
    <ClInclude Include="Glm\gtx\transform2.hpp">
      <Filter>Glm\gtx</Filter>
    </ClInclude>
    <ClInclude Include="Glm\gtx\type_aligned.hpp">
      <Filter>Glm\gtx</Filter>
    </ClInclude>
    <ClInclude Include="Glm\gtx\type_trait.hpp">
      <Filter>Glm\gtx</Filter>
    </ClInclude>
    <ClInclude Include="Glm\gtx\vec_swizzle.hpp">
      <Filter>Glm\gtx</Filter>
    </ClInclude>
    <ClInclude Include="Glm\gtx\vector_angle.hpp">
      <Filter>Glm\gtx</Filter>
    </ClInclude>
    <ClInclude Include="Glm\gtx\vector_query.hpp">
      <Filter>Glm\gtx</Filter>
    </ClInclude>
    <ClInclude Include="Glm\gtx\wrap.hpp">
      <Filter>Glm\gtx</Filter>
    </ClInclude>
    <ClInclude Include="Glm\simd\common.h">
      <Filter>Glm\simd</Filter>
    </ClInclude>
    <ClInclude Include="Glm\simd\exponential.h">
      <Filter>Glm\simd</Filter>
    </ClInclude>
    <ClInclude Include="Glm\simd\geometric.h">
      <Filter>Glm\simd</Filter>
    </ClInclude>
    <ClInclude Include="Glm\simd\integer.h">
      <Filter>Glm\simd</Filter>
    </ClInclude>
    <ClInclude Include="Glm\simd\matrix.h">
      <Filter>Glm\simd</Filter>
    </ClInclude>
    <ClInclude Include="Glm\simd\packing.h">
      <Filter>Glm\simd</Filter>
    </ClInclude>
    <ClInclude Include="Glm\simd\platform.h">
      <Filter>Glm\simd</Filter>
    </ClInclude>
    <ClInclude Include="Glm\simd\trigonometric.h">
      <Filter>Glm\simd</Filter>
    </ClInclude>
    <ClInclude Include="Glm\simd\vector_relational.h">
      <Filter>Glm\simd</Filter>
    </ClInclude>
    <ClInclude Include="Imgui\imconfig.h">
      <Filter>Imgui</Filter>
    </ClInclude>
    <ClInclude Include="Imgui\imgui.h">
      <Filter>Imgui</Filter>
    </ClInclude>
    <ClInclude Include="Imgui\imgui_impl_glfw.h">
      <Filter>Imgui</Filter>
    </ClInclude>
    <ClInclude Include="Imgui\imgui_impl_opengl3.h">
      <Filter>Imgui</Filter>
    </ClInclude>
    <ClInclude Include="Imgui\imgui_internal.h">
      <Filter>Imgui</Filter>
    </ClInclude>
    <ClInclude Include="Imgui\imstb_rectpack.h">
      <Filter>Imgui</Filter>
    </ClInclude>
    <ClInclude Include="Imgui\imstb_textedit.h">
      <Filter>Imgui</Filter>
    </ClInclude>
    <ClInclude Include="Imgui\imstb_truetype.h">
      <Filter>Imgui</Filter>
    </ClInclude>
    <ClInclude Include="StbImage\stb_image.h">
      <Filter>StbImage</Filter>
    </ClInclude>
    <ClInclude Include="CommandBuffer\command_debug.h">
      <Filter>CommandBuffer</Filter>
    </ClInclude>
    <ClInclude Include="CommandBuffer\command_internal.h">
      <Filter>CommandBuffer</Filter>
    </ClInclude>
    <ClInclude Include="CommandBuffer\CommandBuffer.h">
      <Filter>CommandBuffer</Filter>
    </ClInclude>
    <ClInclude Include="CommandBuffer\CommandKeys.h">
      <Filter>CommandBuffer</Filter>
    </ClInclude>
    <ClInclude Include="CommandBuffer\CommandPacket.h">
      <Filter>CommandBuffer</Filter>
    </ClInclude>
    <ClInclude Include="CommandBuffer\config.h">
      <Filter>CommandBuffer</Filter>
    </ClInclude>
    <ClInclude Include="CommandBuffer\LinearAllocator.h">
      <Filter>CommandBuffer</Filter>
    </ClInclude>
    <ClInclude Include="CommandBuffer\MemoryUtil.h">
      <Filter>CommandBuffer</Filter>
    </ClInclude>
    <ClInclude Include="CommandBuffer\RenderContext.h">
      <Filter>CommandBuffer</Filter>
    </ClInclude>
    <ClInclude Include="CommandBuffer\cmds\GLCommands.h">
      <Filter>CommandBuffer\cmds</Filter>
    </ClInclude>
    <ClInclude Include="Hash\Hash.h">
      <Filter>Hash</Filter>
    </ClInclude>
    <ClInclude Include="Camera\Camera.h">
      <Filter>Camera</Filter>
    </ClInclude>
    <ClInclude Include="Threading\Semaphore.h">
      <Filter>Threading</Filter>
    </ClInclude>
    <ClInclude Include="Core\Engine.h">
      <Filter>Core</Filter>
    </ClInclude>
    <ClInclude Include="Rendering\RenderThread.h">
      <Filter>Rendering</Filter>
    </ClInclude>
    <ClInclude Include="Threading\SpscQueue.h">
      <Filter>Threading</Filter>
    </ClInclude>
    <ClInclude Include="Threading\Typedefs.h">
      <Filter>Threading</Filter>
    </ClInclude>
  </ItemGroup>
  <ItemGroup>
    <None Include="Glm\detail\func_common.inl">
      <Filter>Glm\details</Filter>
    </None>
    <None Include="Glm\detail\func_common_simd.inl">
      <Filter>Glm\details</Filter>
    </None>
    <None Include="Glm\detail\func_exponential.inl">
      <Filter>Glm\details</Filter>
    </None>
    <None Include="Glm\detail\func_exponential_simd.inl">
      <Filter>Glm\details</Filter>
    </None>
    <None Include="Glm\detail\func_geometric.inl">
      <Filter>Glm\details</Filter>
    </None>
    <None Include="Glm\detail\func_geometric_simd.inl">
      <Filter>Glm\details</Filter>
    </None>
    <None Include="Glm\detail\func_integer.inl">
      <Filter>Glm\details</Filter>
    </None>
    <None Include="Glm\detail\func_integer_simd.inl">
      <Filter>Glm\details</Filter>
    </None>
    <None Include="Glm\detail\func_matrix.inl">
      <Filter>Glm\details</Filter>
    </None>
    <None Include="Glm\detail\func_matrix_simd.inl">
      <Filter>Glm\details</Filter>
    </None>
    <None Include="Glm\detail\func_packing.inl">
      <Filter>Glm\details</Filter>
    </None>
    <None Include="Glm\detail\func_packing_simd.inl">
      <Filter>Glm\details</Filter>
    </None>
    <None Include="Glm\detail\func_trigonometric.inl">
      <Filter>Glm\details</Filter>
    </None>
    <None Include="Glm\detail\func_trigonometric_simd.inl">
      <Filter>Glm\details</Filter>
    </None>
    <None Include="Glm\detail\func_vector_relational.inl">
      <Filter>Glm\details</Filter>
    </None>
    <None Include="Glm\detail\func_vector_relational_simd.inl">
      <Filter>Glm\details</Filter>
    </None>
    <None Include="Glm\detail\type_half.inl">
      <Filter>Glm\details</Filter>
    </None>
    <None Include="Glm\detail\type_mat2x2.inl">
      <Filter>Glm\details</Filter>
    </None>
    <None Include="Glm\detail\type_mat2x3.inl">
      <Filter>Glm\details</Filter>
    </None>
    <None Include="Glm\detail\type_mat2x4.inl">
      <Filter>Glm\details</Filter>
    </None>
    <None Include="Glm\detail\type_mat3x2.inl">
      <Filter>Glm\details</Filter>
    </None>
    <None Include="Glm\detail\type_mat3x3.inl">
      <Filter>Glm\details</Filter>
    </None>
    <None Include="Glm\detail\type_mat3x4.inl">
      <Filter>Glm\details</Filter>
    </None>
    <None Include="Glm\detail\type_mat4x2.inl">
      <Filter>Glm\details</Filter>
    </None>
    <None Include="Glm\detail\type_mat4x3.inl">
      <Filter>Glm\details</Filter>
    </None>
    <None Include="Glm\detail\type_mat4x4.inl">
      <Filter>Glm\details</Filter>
    </None>
    <None Include="Glm\detail\type_mat4x4_simd.inl">
      <Filter>Glm\details</Filter>
    </None>
    <None Include="Glm\detail\type_quat.inl">
      <Filter>Glm\details</Filter>
    </None>
    <None Include="Glm\detail\type_quat_simd.inl">
      <Filter>Glm\details</Filter>
    </None>
    <None Include="Glm\detail\type_vec1.inl">
      <Filter>Glm\details</Filter>
    </None>
    <None Include="Glm\detail\type_vec2.inl">
      <Filter>Glm\details</Filter>
    </None>
    <None Include="Glm\detail\type_vec3.inl">
      <Filter>Glm\details</Filter>
    </None>
    <None Include="Glm\detail\type_vec4.inl">
      <Filter>Glm\details</Filter>
    </None>
    <None Include="Glm\detail\type_vec4_simd.inl">
      <Filter>Glm\details</Filter>
    </None>
    <None Include="Glm\ext\matrix_clip_space.inl">
      <Filter>Glm\ext</Filter>
    </None>
    <None Include="Glm\ext\matrix_projection.inl">
      <Filter>Glm\ext</Filter>
    </None>
    <None Include="Glm\ext\matrix_relational.inl">
      <Filter>Glm\ext</Filter>
    </None>
    <None Include="Glm\ext\matrix_transform.inl">
      <Filter>Glm\ext</Filter>
    </None>
    <None Include="Glm\ext\quaternion_common.inl">
      <Filter>Glm\ext</Filter>
    </None>
    <None Include="Glm\ext\quaternion_common_simd.inl">
      <Filter>Glm\ext</Filter>
    </None>
    <None Include="Glm\ext\quaternion_exponential.inl">
      <Filter>Glm\ext</Filter>
    </None>
    <None Include="Glm\ext\quaternion_geometric.inl">
      <Filter>Glm\ext</Filter>
    </None>
    <None Include="Glm\ext\quaternion_relational.inl">
      <Filter>Glm\ext</Filter>
    </None>
    <None Include="Glm\ext\quaternion_transform.inl">
      <Filter>Glm\ext</Filter>
    </None>
    <None Include="Glm\ext\quaternion_trigonometric.inl">
      <Filter>Glm\ext</Filter>
    </None>
    <None Include="Glm\ext\scalar_common.inl">
      <Filter>Glm\ext</Filter>
    </None>
    <None Include="Glm\ext\scalar_constants.inl">
      <Filter>Glm\ext</Filter>
    </None>
    <None Include="Glm\ext\scalar_relational.inl">
      <Filter>Glm\ext</Filter>
    </None>
    <None Include="Glm\ext\scalar_ulp.inl">
      <Filter>Glm\ext</Filter>
    </None>
    <None Include="Glm\ext\vector_common.inl">
      <Filter>Glm\ext</Filter>
    </None>
    <None Include="Glm\ext\vector_relational.inl">
      <Filter>Glm\ext</Filter>
    </None>
    <None Include="Glm\ext\vector_ulp.inl">
      <Filter>Glm\ext</Filter>
    </None>
    <None Include="Glm\gtc\bitfield.inl">
      <Filter>Glm\gtc</Filter>
    </None>
    <None Include="Glm\gtc\color_space.inl">
      <Filter>Glm\gtc</Filter>
    </None>
    <None Include="Glm\gtc\constants.inl">
      <Filter>Glm\gtc</Filter>
    </None>
    <None Include="Glm\gtc\epsilon.inl">
      <Filter>Glm\gtc</Filter>
    </None>
    <None Include="Glm\gtc\integer.inl">
      <Filter>Glm\gtc</Filter>
    </None>
    <None Include="Glm\gtc\matrix_access.inl">
      <Filter>Glm\gtc</Filter>
    </None>
    <None Include="Glm\gtc\matrix_inverse.inl">
      <Filter>Glm\gtc</Filter>
    </None>
    <None Include="Glm\gtc\matrix_transform.inl">
      <Filter>Glm\gtc</Filter>
    </None>
    <None Include="Glm\gtc\noise.inl">
      <Filter>Glm\gtc</Filter>
    </None>
    <None Include="Glm\gtc\packing.inl">
      <Filter>Glm\gtc</Filter>
    </None>
    <None Include="Glm\gtc\quaternion.inl">
      <Filter>Glm\gtc</Filter>
    </None>
    <None Include="Glm\gtc\quaternion_simd.inl">
      <Filter>Glm\gtc</Filter>
    </None>
    <None Include="Glm\gtc\random.inl">
      <Filter>Glm\gtc</Filter>
    </None>
    <None Include="Glm\gtc\reciprocal.inl">
      <Filter>Glm\gtc</Filter>
    </None>
    <None Include="Glm\gtc\round.inl">
      <Filter>Glm\gtc</Filter>
    </None>
    <None Include="Glm\gtc\type_precision.inl">
      <Filter>Glm\gtc</Filter>
    </None>
    <None Include="Glm\gtc\type_ptr.inl">
      <Filter>Glm\gtc</Filter>
    </None>
    <None Include="Glm\gtc\ulp.inl">
      <Filter>Glm\gtc</Filter>
    </None>
    <None Include="Glm\gtx\associated_min_max.inl">
      <Filter>Glm\gtx</Filter>
    </None>
    <None Include="Glm\gtx\bit.inl">
      <Filter>Glm\gtx</Filter>
    </None>
    <None Include="Glm\gtx\closest_point.inl">
      <Filter>Glm\gtx</Filter>
    </None>
    <None Include="Glm\gtx\color_encoding.inl">
      <Filter>Glm\gtx</Filter>
    </None>
    <None Include="Glm\gtx\color_space.inl">
      <Filter>Glm\gtx</Filter>
    </None>
    <None Include="Glm\gtx\color_space_YCoCg.inl">
      <Filter>Glm\gtx</Filter>
    </None>
    <None Include="Glm\gtx\common.inl">
      <Filter>Glm\gtx</Filter>
    </None>
    <None Include="Glm\gtx\compatibility.inl">
      <Filter>Glm\gtx</Filter>
    </None>
    <None Include="Glm\gtx\component_wise.inl">
      <Filter>Glm\gtx</Filter>
    </None>
    <None Include="Glm\gtx\dual_quaternion.inl">
      <Filter>Glm\gtx</Filter>
    </None>
    <None Include="Glm\gtx\easing.inl">
      <Filter>Glm\gtx</Filter>
    </None>
    <None Include="Glm\gtx\euler_angles.inl">
      <Filter>Glm\gtx</Filter>
    </None>
    <None Include="Glm\gtx\extend.inl">
      <Filter>Glm\gtx</Filter>
    </None>
    <None Include="Glm\gtx\extended_min_max.inl">
      <Filter>Glm\gtx</Filter>
    </None>
    <None Include="Glm\gtx\exterior_product.inl">
      <Filter>Glm\gtx</Filter>
    </None>
    <None Include="Glm\gtx\fast_exponential.inl">
      <Filter>Glm\gtx</Filter>
    </None>
    <None Include="Glm\gtx\fast_square_root.inl">
      <Filter>Glm\gtx</Filter>
    </None>
    <None Include="Glm\gtx\fast_trigonometry.inl">
      <Filter>Glm\gtx</Filter>
    </None>
    <None Include="Glm\gtx\float_notmalize.inl">
      <Filter>Glm\gtx</Filter>
    </None>
    <None Include="Glm\gtx\functions.inl">
      <Filter>Glm\gtx</Filter>
    </None>
    <None Include="Glm\gtx\gradient_paint.inl">
      <Filter>Glm\gtx</Filter>
    </None>
    <None Include="Glm\gtx\handed_coordinate_space.inl">
      <Filter>Glm\gtx</Filter>
    </None>
    <None Include="Glm\gtx\hash.inl">
      <Filter>Glm\gtx</Filter>
    </None>
    <None Include="Glm\gtx\integer.inl">
      <Filter>Glm\gtx</Filter>
    </None>
    <None Include="Glm\gtx\intersect.inl">
      <Filter>Glm\gtx</Filter>
    </None>
    <None Include="Glm\gtx\io.inl">
      <Filter>Glm\gtx</Filter>
    </None>
    <None Include="Glm\gtx\log_base.inl">
      <Filter>Glm\gtx</Filter>
    </None>
    <None Include="Glm\gtx\matrix_cross_product.inl">
      <Filter>Glm\gtx</Filter>
    </None>
    <None Include="Glm\gtx\matrix_decompose.inl">
      <Filter>Glm\gtx</Filter>
    </None>
    <None Include="Glm\gtx\matrix_factorisation.inl">
      <Filter>Glm\gtx</Filter>
    </None>
    <None Include="Glm\gtx\matrix_interpolation.inl">
      <Filter>Glm\gtx</Filter>
    </None>
    <None Include="Glm\gtx\matrix_major_storage.inl">
      <Filter>Glm\gtx</Filter>
    </None>
    <None Include="Glm\gtx\matrix_operation.inl">
      <Filter>Glm\gtx</Filter>
    </None>
    <None Include="Glm\gtx\matrix_query.inl">
      <Filter>Glm\gtx</Filter>
    </None>
    <None Include="Glm\gtx\matrix_transform_2d.inl">
      <Filter>Glm\gtx</Filter>
    </None>
    <None Include="Glm\gtx\mixed_product.inl">
      <Filter>Glm\gtx</Filter>
    </None>
    <None Include="Glm\gtx\norm.inl">
      <Filter>Glm\gtx</Filter>
    </None>
    <None Include="Glm\gtx\normal.inl">
      <Filter>Glm\gtx</Filter>
    </None>
    <None Include="Glm\gtx\normalize_dot.inl">
      <Filter>Glm\gtx</Filter>
    </None>
    <None Include="Glm\gtx\number_precision.inl">
      <Filter>Glm\gtx</Filter>
    </None>
    <None Include="Glm\gtx\optimum_pow.inl">
      <Filter>Glm\gtx</Filter>
    </None>
    <None Include="Glm\gtx\orthonormalize.inl">
      <Filter>Glm\gtx</Filter>
    </None>
    <None Include="Glm\gtx\perpendicular.inl">
      <Filter>Glm\gtx</Filter>
    </None>
    <None Include="Glm\gtx\polar_coordinates.inl">
      <Filter>Glm\gtx</Filter>
    </None>
    <None Include="Glm\gtx\projection.inl">
      <Filter>Glm\gtx</Filter>
    </None>
    <None Include="Glm\gtx\quaternion.inl">
      <Filter>Glm\gtx</Filter>
    </None>
    <None Include="Glm\gtx\raw_data.inl">
      <Filter>Glm\gtx</Filter>
    </None>
    <None Include="Glm\gtx\rotate_normalized_axis.inl">
      <Filter>Glm\gtx</Filter>
    </None>
    <None Include="Glm\gtx\rotate_vector.inl">
      <Filter>Glm\gtx</Filter>
    </None>
    <None Include="Glm\gtx\scalar_relational.inl">
      <Filter>Glm\gtx</Filter>
    </None>
    <None Include="Glm\gtx\spline.inl">
      <Filter>Glm\gtx</Filter>
    </None>
    <None Include="Glm\gtx\std_based_type.inl">
      <Filter>Glm\gtx</Filter>
    </None>
    <None Include="Glm\gtx\string_cast.inl">
      <Filter>Glm\gtx</Filter>
    </None>
    <None Include="Glm\gtx\texture.inl">
      <Filter>Glm\gtx</Filter>
    </None>
    <None Include="Glm\gtx\transform.inl">
      <Filter>Glm\gtx</Filter>
    </None>
    <None Include="Glm\gtx\transform2.inl">
      <Filter>Glm\gtx</Filter>
    </None>
    <None Include="Glm\gtx\type_aligned.inl">
      <Filter>Glm\gtx</Filter>
    </None>
    <None Include="Glm\gtx\type_trait.inl">
      <Filter>Glm\gtx</Filter>
    </None>
    <None Include="Glm\gtx\vector_angle.inl">
      <Filter>Glm\gtx</Filter>
    </None>
    <None Include="Glm\gtx\vector_query.inl">
      <Filter>Glm\gtx</Filter>
    </None>
    <None Include="Glm\gtx\wrap.inl">
      <Filter>Glm\gtx</Filter>
    </None>
  </ItemGroup>
</Project>